
Microsoft Visual Studio Solution File, Format Version 12.00
# Visual Studio Version 16
VisualStudioVersion = 16.0.31613.86
MinimumVisualStudioVersion = 10.0.40219.1
Project("{FAE04EC0-301F-11D3-BF4B-00C04F79EFBC}") = "ObligatorioP2Web", "ObligatorioP2Web.csproj", "{73C114BD-6AE3-417E-B10D-5E8F9A06355E}"
EndProject
Project("{FAE04EC0-301F-11D3-BF4B-00C04F79EFBC}") = "ObligatorioP2Dominio", "..\ObligatorioP2Dominio\ObligatorioP2Dominio.csproj", "{455A857D-32B4-4D0F-96B1-A0019340545E}"
EndProject
Global
	GlobalSection(SolutionConfigurationPlatforms) = preSolution
		Debug|Any CPU = Debug|Any CPU
		Release|Any CPU = Release|Any CPU
	EndGlobalSection
	GlobalSection(ProjectConfigurationPlatforms) = postSolution
		{73C114BD-6AE3-417E-B10D-5E8F9A06355E}.Debug|Any CPU.ActiveCfg = Debug|Any CPU
		{73C114BD-6AE3-417E-B10D-5E8F9A06355E}.Debug|Any CPU.Build.0 = Debug|Any CPU
		{73C114BD-6AE3-417E-B10D-5E8F9A06355E}.Release|Any CPU.ActiveCfg = Release|Any CPU
		{73C114BD-6AE3-417E-B10D-5E8F9A06355E}.Release|Any CPU.Build.0 = Release|Any CPU
		{455A857D-32B4-4D0F-96B1-A0019340545E}.Debug|Any CPU.ActiveCfg = Debug|Any CPU
		{455A857D-32B4-4D0F-96B1-A0019340545E}.Debug|Any CPU.Build.0 = Debug|Any CPU
		{455A857D-32B4-4D0F-96B1-A0019340545E}.Release|Any CPU.ActiveCfg = Release|Any CPU
		{455A857D-32B4-4D0F-96B1-A0019340545E}.Release|Any CPU.Build.0 = Release|Any CPU
	EndGlobalSection
	GlobalSection(SolutionProperties) = preSolution
		HideSolutionNode = FALSE
	EndGlobalSection
	GlobalSection(ExtensibilityGlobals) = postSolution
		SolutionGuid = {A953415E-E9F3-40E8-BBBE-A5397969920F}
	EndGlobalSection
EndGlobal
